
Microsoft Visual Studio Solution File, Format Version 12.00
# Visual Studio 15
VisualStudioVersion = 15.0.26228.12
MinimumVisualStudioVersion = 10.0.40219.1
Project("{FAE04EC0-301F-11D3-BF4B-00C04F79EFBC}") = "ConsoleApp1", "ConsoleApp1\ConsoleApp1.csproj", "{477D822D-1695-4ABF-BCAD-69C226872770}"
EndProject
Global
	GlobalSection(SolutionConfigurationPlatforms) = preSolution
		Debug|Any CPU = Debug|Any CPU
		Release|Any CPU = Release|Any CPU
	EndGlobalSection
	GlobalSection(ProjectConfigurationPlatforms) = postSolution
		{477D822D-1695-4ABF-BCAD-69C226872770}.Debug|Any CPU.ActiveCfg = Debug|Any CPU
		{477D822D-1695-4ABF-BCAD-69C226872770}.Debug|Any CPU.Build.0 = Debug|Any CPU
		{477D822D-1695-4ABF-BCAD-69C226872770}.Release|Any CPU.ActiveCfg = Release|Any CPU
		{477D822D-1695-4ABF-BCAD-69C226872770}.Release|Any CPU.Build.0 = Release|Any CPU
	EndGlobalSection
	GlobalSection(SolutionProperties) = preSolution
		HideSolutionNode = FALSE
	EndGlobalSection
EndGlobal
